
Microsoft Visual Studio Solution File, Format Version 12.00
# Visual Studio 15
VisualStudioVersion = 15.0.28307.1758
MinimumVisualStudioVersion = 10.0.40219.1
Project("{FAE04EC0-301F-11D3-BF4B-00C04F79EFBC}") = "WindowsFormsApp1", "WindowsFormsApp1\WindowsFormsApp1.csproj", "{DA8ABFE5-BA7D-411D-A077-B398E6E92BA0}"
EndProject
Global
	GlobalSection(SolutionConfigurationPlatforms) = preSolution
		Debug|Any CPU = Debug|Any CPU
		Release|Any CPU = Release|Any CPU
	EndGlobalSection
	GlobalSection(ProjectConfigurationPlatforms) = postSolution
		{DA8ABFE5-BA7D-411D-A077-B398E6E92BA0}.Debug|Any CPU.ActiveCfg = Debug|Any CPU
		{DA8ABFE5-BA7D-411D-A077-B398E6E92BA0}.Debug|Any CPU.Build.0 = Debug|Any CPU
		{DA8ABFE5-BA7D-411D-A077-B398E6E92BA0}.Release|Any CPU.ActiveCfg = Release|Any CPU
		{DA8ABFE5-BA7D-411D-A077-B398E6E92BA0}.Release|Any CPU.Build.0 = Release|Any CPU
	EndGlobalSection
	GlobalSection(SolutionProperties) = preSolution
		HideSolutionNode = FALSE
	EndGlobalSection
	GlobalSection(ExtensibilityGlobals) = postSolution
		SolutionGuid = {5A3A1FEB-610D-4F19-9251-448B943DB4C8}
	EndGlobalSection
EndGlobal
